
Microsoft Visual Studio Solution File, Format Version 12.00
# Visual Studio Version 17
VisualStudioVersion = 17.9.34622.214
MinimumVisualStudioVersion = 10.0.40219.1
Project("{9A19103F-16F7-4668-BE54-9A1E7A4F7556}") = "SimpleDockUILayoutLibrary", "SimpleDynamicUILayoutLibrary\SimpleDockUILayoutLibrary.csproj", "{D112767D-1AA8-4080-9E54-883F64FBE411}"
EndProject
Project("{9A19103F-16F7-4668-BE54-9A1E7A4F7556}") = "SimpleDockUILayoutLibraryExapmle.Client", "SimpleDynamicUILayoutLibraryExapmle.Client\SimpleDockUILayoutLibraryExapmle.Client.csproj", "{4C6EB740-4F0C-4602-A412-D2F3C7201705}"
EndProject
Global
	GlobalSection(SolutionConfigurationPlatforms) = preSolution
		Debug|Any CPU = Debug|Any CPU
		Release|Any CPU = Release|Any CPU
	EndGlobalSection
	GlobalSection(ProjectConfigurationPlatforms) = postSolution
		{D112767D-1AA8-4080-9E54-883F64FBE411}.Debug|Any CPU.ActiveCfg = Debug|Any CPU
		{D112767D-1AA8-4080-9E54-883F64FBE411}.Debug|Any CPU.Build.0 = Debug|Any CPU
		{D112767D-1AA8-4080-9E54-883F64FBE411}.Release|Any CPU.ActiveCfg = Release|Any CPU
		{D112767D-1AA8-4080-9E54-883F64FBE411}.Release|Any CPU.Build.0 = Release|Any CPU
		{4C6EB740-4F0C-4602-A412-D2F3C7201705}.Debug|Any CPU.ActiveCfg = Debug|Any CPU
		{4C6EB740-4F0C-4602-A412-D2F3C7201705}.Debug|Any CPU.Build.0 = Debug|Any CPU
		{4C6EB740-4F0C-4602-A412-D2F3C7201705}.Release|Any CPU.ActiveCfg = Release|Any CPU
		{4C6EB740-4F0C-4602-A412-D2F3C7201705}.Release|Any CPU.Build.0 = Release|Any CPU
	EndGlobalSection
	GlobalSection(SolutionProperties) = preSolution
		HideSolutionNode = FALSE
	EndGlobalSection
	GlobalSection(ExtensibilityGlobals) = postSolution
		SolutionGuid = {11DFBB26-1C69-4B9A-8E4D-89A1664C5D27}
	EndGlobalSection
EndGlobal
